
Microsoft Visual Studio Solution File, Format Version 11.00
# Visual Studio 2010
Project("{FAE04EC0-301F-11D3-BF4B-00C04F79EFBC}") = "XSample.Mono4Android", "XSample.Mono4Android\XSample.Mono4Android.csproj", "{62BAEFFF-BBF1-4BFC-BFCB-79BD60184A54}"
EndProject
Project("{FAE04EC0-301F-11D3-BF4B-00C04F79EFBC}") = "MonoMobile.Dialog.Touch", "MonoMobile.Dialog.Touch\MonoMobile.Dialog.Touch.csproj", "{CDFDE85F-F99B-44FD-A9F8-19224D517F3F}"
EndProject
Project("{FAE04EC0-301F-11D3-BF4B-00C04F79EFBC}") = "MonoMobile.Dialog.Android", "MonoMobile.Dialog.Android\MonoMobile.Dialog.Android.csproj", "{33044C7B-47A4-4113-A61A-EB429407F818}"
EndProject
Project("{FAE04EC0-301F-11D3-BF4B-00C04F79EFBC}") = "System.Json.DLL_02_M4A", "..\System.Json\System.Json.DLL_02_M4A\System.Json.DLL_02_M4A.csproj", "{5B273FB6-3399-40DB-92EA-C7C8D2BD006B}"
EndProject
Project("{FAE04EC0-301F-11D3-BF4B-00C04F79EFBC}") = "System.JSON.DLL_03_MT", "..\System.Json\System.JSON.DLL_03_MT\System.JSON.DLL_03_MT.csproj", "{E27B4024-ED8E-41A8-888F-E721DA2F0CE3}"
EndProject
Project("{FAE04EC0-301F-11D3-BF4B-00C04F79EFBC}") = "MonoTouch", "MonoTouch\MonoTouch.csproj", "{3CB0EA23-186F-42C3-9F08-10F328C2FA82}"
EndProject
Project("{2150E333-8FDC-42A3-9474-1A3956D46DE8}") = "Solution Items", "Solution Items", "{45621C67-C787-486D-88D2-2162B0C4D23D}"
	ProjectSection(SolutionItems) = preProject
		README.txt = README.txt
	EndProjectSection
EndProject
Project("{FAE04EC0-301F-11D3-BF4B-00C04F79EFBC}") = "XSample.MonoTouch.Original.MiguelDeIcaza", "XSample.MonoTouch.Original.MiguelDeIcaza\XSample.MonoTouch.Original.MiguelDeIcaza.csproj", "{F6AEFFC5-4807-49A3-83C5-661E655CB59A}"
EndProject
Project("{FAE04EC0-301F-11D3-BF4B-00C04F79EFBC}") = "XSample.MonoTouch", "XSample.MonoTouch\XSample.MonoTouch.csproj", "{F878E272-27D1-4B18-8352-3664A61C70DD}"
EndProject
Global
	GlobalSection(SolutionConfigurationPlatforms) = preSolution
		AdHoc|Any CPU = AdHoc|Any CPU
		Ad-Hoc|Any CPU = Ad-Hoc|Any CPU
		AdHoc|iPhone = AdHoc|iPhone
		Ad-Hoc|iPhone = Ad-Hoc|iPhone
		AdHoc|iPhoneSimulator = AdHoc|iPhoneSimulator
		Ad-Hoc|iPhoneSimulator = Ad-Hoc|iPhoneSimulator
		AdHoc|Mixed Platforms = AdHoc|Mixed Platforms
		Ad-Hoc|Mixed Platforms = Ad-Hoc|Mixed Platforms
		AppStore|Any CPU = AppStore|Any CPU
		AppStore|iPhone = AppStore|iPhone
		AppStore|iPhoneSimulator = AppStore|iPhoneSimulator
		AppStore|Mixed Platforms = AppStore|Mixed Platforms
		Debug|Any CPU = Debug|Any CPU
		Debug|iPhone = Debug|iPhone
		Debug|iPhoneSimulator = Debug|iPhoneSimulator
		Debug|Mixed Platforms = Debug|Mixed Platforms
		Release|Any CPU = Release|Any CPU
		Release|iPhone = Release|iPhone
		Release|iPhoneSimulator = Release|iPhoneSimulator
		Release|Mixed Platforms = Release|Mixed Platforms
	EndGlobalSection
	GlobalSection(ProjectConfigurationPlatforms) = postSolution
		{62BAEFFF-BBF1-4BFC-BFCB-79BD60184A54}.AdHoc|Any CPU.ActiveCfg = Release|Any CPU
		{62BAEFFF-BBF1-4BFC-BFCB-79BD60184A54}.AdHoc|Any CPU.Build.0 = Release|Any CPU
		{62BAEFFF-BBF1-4BFC-BFCB-79BD60184A54}.AdHoc|Any CPU.Deploy.0 = Release|Any CPU
		{62BAEFFF-BBF1-4BFC-BFCB-79BD60184A54}.Ad-Hoc|Any CPU.ActiveCfg = Release|Any CPU
		{62BAEFFF-BBF1-4BFC-BFCB-79BD60184A54}.AdHoc|iPhone.ActiveCfg = Release|Any CPU
		{62BAEFFF-BBF1-4BFC-BFCB-79BD60184A54}.Ad-Hoc|iPhone.ActiveCfg = Release|Any CPU
		{62BAEFFF-BBF1-4BFC-BFCB-79BD60184A54}.AdHoc|iPhoneSimulator.ActiveCfg = Release|Any CPU
		{62BAEFFF-BBF1-4BFC-BFCB-79BD60184A54}.Ad-Hoc|iPhoneSimulator.ActiveCfg = Release|Any CPU
		{62BAEFFF-BBF1-4BFC-BFCB-79BD60184A54}.AdHoc|Mixed Platforms.ActiveCfg = Release|Any CPU
		{62BAEFFF-BBF1-4BFC-BFCB-79BD60184A54}.AdHoc|Mixed Platforms.Build.0 = Release|Any CPU
		{62BAEFFF-BBF1-4BFC-BFCB-79BD60184A54}.AdHoc|Mixed Platforms.Deploy.0 = Release|Any CPU
		{62BAEFFF-BBF1-4BFC-BFCB-79BD60184A54}.Ad-Hoc|Mixed Platforms.ActiveCfg = Release|Any CPU
		{62BAEFFF-BBF1-4BFC-BFCB-79BD60184A54}.AppStore|Any CPU.ActiveCfg = Release|Any CPU
		{62BAEFFF-BBF1-4BFC-BFCB-79BD60184A54}.AppStore|Any CPU.Build.0 = Release|Any CPU
		{62BAEFFF-BBF1-4BFC-BFCB-79BD60184A54}.AppStore|Any CPU.Deploy.0 = Release|Any CPU
		{62BAEFFF-BBF1-4BFC-BFCB-79BD60184A54}.AppStore|iPhone.ActiveCfg = Release|Any CPU
		{62BAEFFF-BBF1-4BFC-BFCB-79BD60184A54}.AppStore|iPhoneSimulator.ActiveCfg = Release|Any CPU
		{62BAEFFF-BBF1-4BFC-BFCB-79BD60184A54}.AppStore|Mixed Platforms.ActiveCfg = Release|Any CPU
		{62BAEFFF-BBF1-4BFC-BFCB-79BD60184A54}.AppStore|Mixed Platforms.Build.0 = Release|Any CPU
		{62BAEFFF-BBF1-4BFC-BFCB-79BD60184A54}.AppStore|Mixed Platforms.Deploy.0 = Release|Any CPU
		{62BAEFFF-BBF1-4BFC-BFCB-79BD60184A54}.Debug|Any CPU.ActiveCfg = Debug|Any CPU
		{62BAEFFF-BBF1-4BFC-BFCB-79BD60184A54}.Debug|Any CPU.Build.0 = Debug|Any CPU
		{62BAEFFF-BBF1-4BFC-BFCB-79BD60184A54}.Debug|Any CPU.Deploy.0 = Debug|Any CPU
		{62BAEFFF-BBF1-4BFC-BFCB-79BD60184A54}.Debug|iPhone.ActiveCfg = Debug|Any CPU
		{62BAEFFF-BBF1-4BFC-BFCB-79BD60184A54}.Debug|iPhoneSimulator.ActiveCfg = Debug|Any CPU
		{62BAEFFF-BBF1-4BFC-BFCB-79BD60184A54}.Debug|Mixed Platforms.ActiveCfg = Debug|Any CPU
		{62BAEFFF-BBF1-4BFC-BFCB-79BD60184A54}.Debug|Mixed Platforms.Build.0 = Debug|Any CPU
		{62BAEFFF-BBF1-4BFC-BFCB-79BD60184A54}.Debug|Mixed Platforms.Deploy.0 = Debug|Any CPU
		{62BAEFFF-BBF1-4BFC-BFCB-79BD60184A54}.Release|Any CPU.ActiveCfg = Release|Any CPU
		{62BAEFFF-BBF1-4BFC-BFCB-79BD60184A54}.Release|Any CPU.Build.0 = Release|Any CPU
		{62BAEFFF-BBF1-4BFC-BFCB-79BD60184A54}.Release|Any CPU.Deploy.0 = Release|Any CPU
		{62BAEFFF-BBF1-4BFC-BFCB-79BD60184A54}.Release|iPhone.ActiveCfg = Release|Any CPU
		{62BAEFFF-BBF1-4BFC-BFCB-79BD60184A54}.Release|iPhoneSimulator.ActiveCfg = Release|Any CPU
		{62BAEFFF-BBF1-4BFC-BFCB-79BD60184A54}.Release|Mixed Platforms.ActiveCfg = Release|Any CPU
		{62BAEFFF-BBF1-4BFC-BFCB-79BD60184A54}.Release|Mixed Platforms.Build.0 = Release|Any CPU
		{62BAEFFF-BBF1-4BFC-BFCB-79BD60184A54}.Release|Mixed Platforms.Deploy.0 = Release|Any CPU
		{CDFDE85F-F99B-44FD-A9F8-19224D517F3F}.AdHoc|Any CPU.ActiveCfg = AdHoc|iPhone
		{CDFDE85F-F99B-44FD-A9F8-19224D517F3F}.Ad-Hoc|Any CPU.ActiveCfg = AdHoc|iPhone
		{CDFDE85F-F99B-44FD-A9F8-19224D517F3F}.AdHoc|iPhone.ActiveCfg = AdHoc|iPhone
		{CDFDE85F-F99B-44FD-A9F8-19224D517F3F}.AdHoc|iPhone.Build.0 = AdHoc|iPhone
		{CDFDE85F-F99B-44FD-A9F8-19224D517F3F}.Ad-Hoc|iPhone.ActiveCfg = AdHoc|iPhone
		{CDFDE85F-F99B-44FD-A9F8-19224D517F3F}.AdHoc|iPhoneSimulator.ActiveCfg = AdHoc|iPhoneSimulator
		{CDFDE85F-F99B-44FD-A9F8-19224D517F3F}.AdHoc|iPhoneSimulator.Build.0 = AdHoc|iPhoneSimulator
		{CDFDE85F-F99B-44FD-A9F8-19224D517F3F}.Ad-Hoc|iPhoneSimulator.ActiveCfg = AdHoc|iPhone
		{CDFDE85F-F99B-44FD-A9F8-19224D517F3F}.AdHoc|Mixed Platforms.ActiveCfg = AdHoc|iPhone
		{CDFDE85F-F99B-44FD-A9F8-19224D517F3F}.AdHoc|Mixed Platforms.Build.0 = AdHoc|iPhone
		{CDFDE85F-F99B-44FD-A9F8-19224D517F3F}.Ad-Hoc|Mixed Platforms.ActiveCfg = AdHoc|iPhone
		{CDFDE85F-F99B-44FD-A9F8-19224D517F3F}.AppStore|Any CPU.ActiveCfg = AppStore|iPhone
		{CDFDE85F-F99B-44FD-A9F8-19224D517F3F}.AppStore|iPhone.ActiveCfg = AppStore|iPhone
		{CDFDE85F-F99B-44FD-A9F8-19224D517F3F}.AppStore|iPhone.Build.0 = AppStore|iPhone
		{CDFDE85F-F99B-44FD-A9F8-19224D517F3F}.AppStore|iPhoneSimulator.ActiveCfg = AppStore|iPhoneSimulator
		{CDFDE85F-F99B-44FD-A9F8-19224D517F3F}.AppStore|iPhoneSimulator.Build.0 = AppStore|iPhoneSimulator
		{CDFDE85F-F99B-44FD-A9F8-19224D517F3F}.AppStore|Mixed Platforms.ActiveCfg = AppStore|iPhone
		{CDFDE85F-F99B-44FD-A9F8-19224D517F3F}.AppStore|Mixed Platforms.Build.0 = AppStore|iPhone
		{CDFDE85F-F99B-44FD-A9F8-19224D517F3F}.Debug|Any CPU.ActiveCfg = Debug|iPhone
		{CDFDE85F-F99B-44FD-A9F8-19224D517F3F}.Debug|iPhone.ActiveCfg = Debug|iPhone
		{CDFDE85F-F99B-44FD-A9F8-19224D517F3F}.Debug|iPhone.Build.0 = Debug|iPhone
		{CDFDE85F-F99B-44FD-A9F8-19224D517F3F}.Debug|iPhoneSimulator.ActiveCfg = Debug|iPhoneSimulator
		{CDFDE85F-F99B-44FD-A9F8-19224D517F3F}.Debug|iPhoneSimulator.Build.0 = Debug|iPhoneSimulator
		{CDFDE85F-F99B-44FD-A9F8-19224D517F3F}.Debug|Mixed Platforms.ActiveCfg = Debug|iPhone
		{CDFDE85F-F99B-44FD-A9F8-19224D517F3F}.Debug|Mixed Platforms.Build.0 = Debug|iPhone
		{CDFDE85F-F99B-44FD-A9F8-19224D517F3F}.Release|Any CPU.ActiveCfg = Release|iPhone
		{CDFDE85F-F99B-44FD-A9F8-19224D517F3F}.Release|iPhone.ActiveCfg = Release|iPhone
		{CDFDE85F-F99B-44FD-A9F8-19224D517F3F}.Release|iPhone.Build.0 = Release|iPhone
		{CDFDE85F-F99B-44FD-A9F8-19224D517F3F}.Release|iPhoneSimulator.ActiveCfg = Release|iPhoneSimulator
		{CDFDE85F-F99B-44FD-A9F8-19224D517F3F}.Release|iPhoneSimulator.Build.0 = Release|iPhoneSimulator
		{CDFDE85F-F99B-44FD-A9F8-19224D517F3F}.Release|Mixed Platforms.ActiveCfg = Release|iPhone
		{CDFDE85F-F99B-44FD-A9F8-19224D517F3F}.Release|Mixed Platforms.Build.0 = Release|iPhone
		{33044C7B-47A4-4113-A61A-EB429407F818}.AdHoc|Any CPU.ActiveCfg = Release|Any CPU
		{33044C7B-47A4-4113-A61A-EB429407F818}.AdHoc|Any CPU.Build.0 = Release|Any CPU
		{33044C7B-47A4-4113-A61A-EB429407F818}.Ad-Hoc|Any CPU.ActiveCfg = Release|Any CPU
		{33044C7B-47A4-4113-A61A-EB429407F818}.AdHoc|iPhone.ActiveCfg = Release|Any CPU
		{33044C7B-47A4-4113-A61A-EB429407F818}.Ad-Hoc|iPhone.ActiveCfg = Release|Any CPU
		{33044C7B-47A4-4113-A61A-EB429407F818}.AdHoc|iPhoneSimulator.ActiveCfg = Release|Any CPU
		{33044C7B-47A4-4113-A61A-EB429407F818}.Ad-Hoc|iPhoneSimulator.ActiveCfg = Release|Any CPU
		{33044C7B-47A4-4113-A61A-EB429407F818}.AdHoc|Mixed Platforms.ActiveCfg = Release|Any CPU
		{33044C7B-47A4-4113-A61A-EB429407F818}.AdHoc|Mixed Platforms.Build.0 = Release|Any CPU
		{33044C7B-47A4-4113-A61A-EB429407F818}.Ad-Hoc|Mixed Platforms.ActiveCfg = Release|Any CPU
		{33044C7B-47A4-4113-A61A-EB429407F818}.AppStore|Any CPU.ActiveCfg = Release|Any CPU
		{33044C7B-47A4-4113-A61A-EB429407F818}.AppStore|Any CPU.Build.0 = Release|Any CPU
		{33044C7B-47A4-4113-A61A-EB429407F818}.AppStore|iPhone.ActiveCfg = Release|Any CPU
		{33044C7B-47A4-4113-A61A-EB429407F818}.AppStore|iPhoneSimulator.ActiveCfg = Release|Any CPU
		{33044C7B-47A4-4113-A61A-EB429407F818}.AppStore|Mixed Platforms.ActiveCfg = Release|Any CPU
		{33044C7B-47A4-4113-A61A-EB429407F818}.AppStore|Mixed Platforms.Build.0 = Release|Any CPU
		{33044C7B-47A4-4113-A61A-EB429407F818}.Debug|Any CPU.ActiveCfg = Debug|Any CPU
		{33044C7B-47A4-4113-A61A-EB429407F818}.Debug|Any CPU.Build.0 = Debug|Any CPU
		{33044C7B-47A4-4113-A61A-EB429407F818}.Debug|iPhone.ActiveCfg = Debug|Any CPU
		{33044C7B-47A4-4113-A61A-EB429407F818}.Debug|iPhoneSimulator.ActiveCfg = Debug|Any CPU
		{33044C7B-47A4-4113-A61A-EB429407F818}.Debug|Mixed Platforms.ActiveCfg = Debug|Any CPU
		{33044C7B-47A4-4113-A61A-EB429407F818}.Debug|Mixed Platforms.Build.0 = Debug|Any CPU
		{33044C7B-47A4-4113-A61A-EB429407F818}.Release|Any CPU.ActiveCfg = Release|Any CPU
		{33044C7B-47A4-4113-A61A-EB429407F818}.Release|Any CPU.Build.0 = Release|Any CPU
		{33044C7B-47A4-4113-A61A-EB429407F818}.Release|iPhone.ActiveCfg = Release|Any CPU
		{33044C7B-47A4-4113-A61A-EB429407F818}.Release|iPhoneSimulator.ActiveCfg = Release|Any CPU
		{33044C7B-47A4-4113-A61A-EB429407F818}.Release|Mixed Platforms.ActiveCfg = Release|Any CPU
		{33044C7B-47A4-4113-A61A-EB429407F818}.Release|Mixed Platforms.Build.0 = Release|Any CPU
		{5B273FB6-3399-40DB-92EA-C7C8D2BD006B}.AdHoc|Any CPU.ActiveCfg = Release|Any CPU
		{5B273FB6-3399-40DB-92EA-C7C8D2BD006B}.AdHoc|Any CPU.Build.0 = Release|Any CPU
		{5B273FB6-3399-40DB-92EA-C7C8D2BD006B}.Ad-Hoc|Any CPU.ActiveCfg = Release|Any CPU
		{5B273FB6-3399-40DB-92EA-C7C8D2BD006B}.AdHoc|iPhone.ActiveCfg = Release|Any CPU
		{5B273FB6-3399-40DB-92EA-C7C8D2BD006B}.Ad-Hoc|iPhone.ActiveCfg = Release|Any CPU
		{5B273FB6-3399-40DB-92EA-C7C8D2BD006B}.AdHoc|iPhoneSimulator.ActiveCfg = Release|Any CPU
		{5B273FB6-3399-40DB-92EA-C7C8D2BD006B}.Ad-Hoc|iPhoneSimulator.ActiveCfg = Release|Any CPU
		{5B273FB6-3399-40DB-92EA-C7C8D2BD006B}.AdHoc|Mixed Platforms.ActiveCfg = Release|Any CPU
		{5B273FB6-3399-40DB-92EA-C7C8D2BD006B}.AdHoc|Mixed Platforms.Build.0 = Release|Any CPU
		{5B273FB6-3399-40DB-92EA-C7C8D2BD006B}.Ad-Hoc|Mixed Platforms.ActiveCfg = Release|Any CPU
		{5B273FB6-3399-40DB-92EA-C7C8D2BD006B}.AppStore|Any CPU.ActiveCfg = Release|Any CPU
		{5B273FB6-3399-40DB-92EA-C7C8D2BD006B}.AppStore|Any CPU.Build.0 = Release|Any CPU
		{5B273FB6-3399-40DB-92EA-C7C8D2BD006B}.AppStore|iPhone.ActiveCfg = Release|Any CPU
		{5B273FB6-3399-40DB-92EA-C7C8D2BD006B}.AppStore|iPhoneSimulator.ActiveCfg = Release|Any CPU
		{5B273FB6-3399-40DB-92EA-C7C8D2BD006B}.AppStore|Mixed Platforms.ActiveCfg = Release|Any CPU
		{5B273FB6-3399-40DB-92EA-C7C8D2BD006B}.AppStore|Mixed Platforms.Build.0 = Release|Any CPU
		{5B273FB6-3399-40DB-92EA-C7C8D2BD006B}.Debug|Any CPU.ActiveCfg = Debug|Any CPU
		{5B273FB6-3399-40DB-92EA-C7C8D2BD006B}.Debug|Any CPU.Build.0 = Debug|Any CPU
		{5B273FB6-3399-40DB-92EA-C7C8D2BD006B}.Debug|iPhone.ActiveCfg = Debug|Any CPU
		{5B273FB6-3399-40DB-92EA-C7C8D2BD006B}.Debug|iPhoneSimulator.ActiveCfg = Debug|Any CPU
		{5B273FB6-3399-40DB-92EA-C7C8D2BD006B}.Debug|Mixed Platforms.ActiveCfg = Debug|Any CPU
		{5B273FB6-3399-40DB-92EA-C7C8D2BD006B}.Debug|Mixed Platforms.Build.0 = Debug|Any CPU
		{5B273FB6-3399-40DB-92EA-C7C8D2BD006B}.Release|Any CPU.ActiveCfg = Release|Any CPU
		{5B273FB6-3399-40DB-92EA-C7C8D2BD006B}.Release|Any CPU.Build.0 = Release|Any CPU
		{5B273FB6-3399-40DB-92EA-C7C8D2BD006B}.Release|iPhone.ActiveCfg = Release|Any CPU
		{5B273FB6-3399-40DB-92EA-C7C8D2BD006B}.Release|iPhoneSimulator.ActiveCfg = Release|Any CPU
		{5B273FB6-3399-40DB-92EA-C7C8D2BD006B}.Release|Mixed Platforms.ActiveCfg = Release|Any CPU
		{5B273FB6-3399-40DB-92EA-C7C8D2BD006B}.Release|Mixed Platforms.Build.0 = Release|Any CPU
		{E27B4024-ED8E-41A8-888F-E721DA2F0CE3}.AdHoc|Any CPU.ActiveCfg = Release|Any CPU
		{E27B4024-ED8E-41A8-888F-E721DA2F0CE3}.AdHoc|Any CPU.Build.0 = Release|Any CPU
		{E27B4024-ED8E-41A8-888F-E721DA2F0CE3}.Ad-Hoc|Any CPU.ActiveCfg = Release|Any CPU
		{E27B4024-ED8E-41A8-888F-E721DA2F0CE3}.AdHoc|iPhone.ActiveCfg = Release|Any CPU
		{E27B4024-ED8E-41A8-888F-E721DA2F0CE3}.Ad-Hoc|iPhone.ActiveCfg = Release|Any CPU
		{E27B4024-ED8E-41A8-888F-E721DA2F0CE3}.AdHoc|iPhoneSimulator.ActiveCfg = Release|Any CPU
		{E27B4024-ED8E-41A8-888F-E721DA2F0CE3}.Ad-Hoc|iPhoneSimulator.ActiveCfg = Release|Any CPU
		{E27B4024-ED8E-41A8-888F-E721DA2F0CE3}.AdHoc|Mixed Platforms.ActiveCfg = Release|Any CPU
		{E27B4024-ED8E-41A8-888F-E721DA2F0CE3}.AdHoc|Mixed Platforms.Build.0 = Release|Any CPU
		{E27B4024-ED8E-41A8-888F-E721DA2F0CE3}.Ad-Hoc|Mixed Platforms.ActiveCfg = Release|Any CPU
		{E27B4024-ED8E-41A8-888F-E721DA2F0CE3}.AppStore|Any CPU.ActiveCfg = Release|Any CPU
		{E27B4024-ED8E-41A8-888F-E721DA2F0CE3}.AppStore|Any CPU.Build.0 = Release|Any CPU
		{E27B4024-ED8E-41A8-888F-E721DA2F0CE3}.AppStore|iPhone.ActiveCfg = Release|Any CPU
		{E27B4024-ED8E-41A8-888F-E721DA2F0CE3}.AppStore|iPhoneSimulator.ActiveCfg = Release|Any CPU
		{E27B4024-ED8E-41A8-888F-E721DA2F0CE3}.AppStore|Mixed Platforms.ActiveCfg = Release|Any CPU
		{E27B4024-ED8E-41A8-888F-E721DA2F0CE3}.AppStore|Mixed Platforms.Build.0 = Release|Any CPU
		{E27B4024-ED8E-41A8-888F-E721DA2F0CE3}.Debug|Any CPU.ActiveCfg = Debug|Any CPU
		{E27B4024-ED8E-41A8-888F-E721DA2F0CE3}.Debug|Any CPU.Build.0 = Debug|Any CPU
		{E27B4024-ED8E-41A8-888F-E721DA2F0CE3}.Debug|iPhone.ActiveCfg = Debug|Any CPU
		{E27B4024-ED8E-41A8-888F-E721DA2F0CE3}.Debug|iPhoneSimulator.ActiveCfg = Debug|Any CPU
		{E27B4024-ED8E-41A8-888F-E721DA2F0CE3}.Debug|Mixed Platforms.ActiveCfg = Debug|Any CPU
		{E27B4024-ED8E-41A8-888F-E721DA2F0CE3}.Debug|Mixed Platforms.Build.0 = Debug|Any CPU
		{E27B4024-ED8E-41A8-888F-E721DA2F0CE3}.Release|Any CPU.ActiveCfg = Release|Any CPU
		{E27B4024-ED8E-41A8-888F-E721DA2F0CE3}.Release|Any CPU.Build.0 = Release|Any CPU
		{E27B4024-ED8E-41A8-888F-E721DA2F0CE3}.Release|iPhone.ActiveCfg = Release|Any CPU
		{E27B4024-ED8E-41A8-888F-E721DA2F0CE3}.Release|iPhoneSimulator.ActiveCfg = Release|Any CPU
		{E27B4024-ED8E-41A8-888F-E721DA2F0CE3}.Release|Mixed Platforms.ActiveCfg = Release|Any CPU
		{E27B4024-ED8E-41A8-888F-E721DA2F0CE3}.Release|Mixed Platforms.Build.0 = Release|Any CPU
		{3CB0EA23-186F-42C3-9F08-10F328C2FA82}.AdHoc|Any CPU.ActiveCfg = Release|Any CPU
		{3CB0EA23-186F-42C3-9F08-10F328C2FA82}.AdHoc|Any CPU.Build.0 = Release|Any CPU
		{3CB0EA23-186F-42C3-9F08-10F328C2FA82}.Ad-Hoc|Any CPU.ActiveCfg = Release|Any CPU
		{3CB0EA23-186F-42C3-9F08-10F328C2FA82}.AdHoc|iPhone.ActiveCfg = Release|Any CPU
		{3CB0EA23-186F-42C3-9F08-10F328C2FA82}.Ad-Hoc|iPhone.ActiveCfg = Release|Any CPU
		{3CB0EA23-186F-42C3-9F08-10F328C2FA82}.AdHoc|iPhoneSimulator.ActiveCfg = Release|Any CPU
		{3CB0EA23-186F-42C3-9F08-10F328C2FA82}.Ad-Hoc|iPhoneSimulator.ActiveCfg = Release|Any CPU
		{3CB0EA23-186F-42C3-9F08-10F328C2FA82}.AdHoc|Mixed Platforms.ActiveCfg = Release|Any CPU
		{3CB0EA23-186F-42C3-9F08-10F328C2FA82}.AdHoc|Mixed Platforms.Build.0 = Release|Any CPU
		{3CB0EA23-186F-42C3-9F08-10F328C2FA82}.Ad-Hoc|Mixed Platforms.ActiveCfg = Release|Any CPU
		{3CB0EA23-186F-42C3-9F08-10F328C2FA82}.AppStore|Any CPU.ActiveCfg = Release|Any CPU
		{3CB0EA23-186F-42C3-9F08-10F328C2FA82}.AppStore|Any CPU.Build.0 = Release|Any CPU
		{3CB0EA23-186F-42C3-9F08-10F328C2FA82}.AppStore|iPhone.ActiveCfg = Release|Any CPU
		{3CB0EA23-186F-42C3-9F08-10F328C2FA82}.AppStore|iPhoneSimulator.ActiveCfg = Release|Any CPU
		{3CB0EA23-186F-42C3-9F08-10F328C2FA82}.AppStore|Mixed Platforms.ActiveCfg = Release|Any CPU
		{3CB0EA23-186F-42C3-9F08-10F328C2FA82}.AppStore|Mixed Platforms.Build.0 = Release|Any CPU
		{3CB0EA23-186F-42C3-9F08-10F328C2FA82}.Debug|Any CPU.ActiveCfg = Debug|Any CPU
		{3CB0EA23-186F-42C3-9F08-10F328C2FA82}.Debug|Any CPU.Build.0 = Debug|Any CPU
		{3CB0EA23-186F-42C3-9F08-10F328C2FA82}.Debug|iPhone.ActiveCfg = Debug|Any CPU
		{3CB0EA23-186F-42C3-9F08-10F328C2FA82}.Debug|iPhoneSimulator.ActiveCfg = Debug|Any CPU
		{3CB0EA23-186F-42C3-9F08-10F328C2FA82}.Debug|Mixed Platforms.ActiveCfg = Debug|Any CPU
		{3CB0EA23-186F-42C3-9F08-10F328C2FA82}.Debug|Mixed Platforms.Build.0 = Debug|Any CPU
		{3CB0EA23-186F-42C3-9F08-10F328C2FA82}.Release|Any CPU.ActiveCfg = Release|Any CPU
		{3CB0EA23-186F-42C3-9F08-10F328C2FA82}.Release|Any CPU.Build.0 = Release|Any CPU
		{3CB0EA23-186F-42C3-9F08-10F328C2FA82}.Release|iPhone.ActiveCfg = Release|Any CPU
		{3CB0EA23-186F-42C3-9F08-10F328C2FA82}.Release|iPhoneSimulator.ActiveCfg = Release|Any CPU
		{3CB0EA23-186F-42C3-9F08-10F328C2FA82}.Release|Mixed Platforms.ActiveCfg = Release|Any CPU
		{3CB0EA23-186F-42C3-9F08-10F328C2FA82}.Release|Mixed Platforms.Build.0 = Release|Any CPU
		{F6AEFFC5-4807-49A3-83C5-661E655CB59A}.AdHoc|Any CPU.ActiveCfg = Release|iPhone
		{F6AEFFC5-4807-49A3-83C5-661E655CB59A}.Ad-Hoc|Any CPU.ActiveCfg = Release|iPhone
		{F6AEFFC5-4807-49A3-83C5-661E655CB59A}.AdHoc|iPhone.ActiveCfg = Release|iPhone
		{F6AEFFC5-4807-49A3-83C5-661E655CB59A}.AdHoc|iPhone.Build.0 = Release|iPhone
		{F6AEFFC5-4807-49A3-83C5-661E655CB59A}.Ad-Hoc|iPhone.ActiveCfg = Release|iPhone
		{F6AEFFC5-4807-49A3-83C5-661E655CB59A}.AdHoc|iPhoneSimulator.ActiveCfg = Release|iPhone
		{F6AEFFC5-4807-49A3-83C5-661E655CB59A}.Ad-Hoc|iPhoneSimulator.ActiveCfg = Release|iPhone
		{F6AEFFC5-4807-49A3-83C5-661E655CB59A}.AdHoc|Mixed Platforms.ActiveCfg = Release|iPhone
		{F6AEFFC5-4807-49A3-83C5-661E655CB59A}.AdHoc|Mixed Platforms.Build.0 = Release|iPhone
		{F6AEFFC5-4807-49A3-83C5-661E655CB59A}.Ad-Hoc|Mixed Platforms.ActiveCfg = Release|iPhone
		{F6AEFFC5-4807-49A3-83C5-661E655CB59A}.AppStore|Any CPU.ActiveCfg = Release|iPhone
		{F6AEFFC5-4807-49A3-83C5-661E655CB59A}.AppStore|iPhone.ActiveCfg = Release|iPhone
		{F6AEFFC5-4807-49A3-83C5-661E655CB59A}.AppStore|iPhone.Build.0 = Release|iPhone
		{F6AEFFC5-4807-49A3-83C5-661E655CB59A}.AppStore|iPhoneSimulator.ActiveCfg = Release|iPhone
		{F6AEFFC5-4807-49A3-83C5-661E655CB59A}.AppStore|Mixed Platforms.ActiveCfg = Release|iPhone
		{F6AEFFC5-4807-49A3-83C5-661E655CB59A}.AppStore|Mixed Platforms.Build.0 = Release|iPhone
		{F6AEFFC5-4807-49A3-83C5-661E655CB59A}.Debug|Any CPU.ActiveCfg = Debug|iPhone
		{F6AEFFC5-4807-49A3-83C5-661E655CB59A}.Debug|iPhone.ActiveCfg = Debug|iPhone
		{F6AEFFC5-4807-49A3-83C5-661E655CB59A}.Debug|iPhone.Build.0 = Debug|iPhone
		{F6AEFFC5-4807-49A3-83C5-661E655CB59A}.Debug|iPhoneSimulator.ActiveCfg = Debug|iPhoneSimulator
		{F6AEFFC5-4807-49A3-83C5-661E655CB59A}.Debug|iPhoneSimulator.Build.0 = Debug|iPhoneSimulator
		{F6AEFFC5-4807-49A3-83C5-661E655CB59A}.Debug|Mixed Platforms.ActiveCfg = Debug|iPhone
		{F6AEFFC5-4807-49A3-83C5-661E655CB59A}.Debug|Mixed Platforms.Build.0 = Debug|iPhone
		{F6AEFFC5-4807-49A3-83C5-661E655CB59A}.Release|Any CPU.ActiveCfg = Release|iPhone
		{F6AEFFC5-4807-49A3-83C5-661E655CB59A}.Release|iPhone.ActiveCfg = Release|iPhone
		{F6AEFFC5-4807-49A3-83C5-661E655CB59A}.Release|iPhone.Build.0 = Release|iPhone
		{F6AEFFC5-4807-49A3-83C5-661E655CB59A}.Release|iPhoneSimulator.ActiveCfg = Release|iPhoneSimulator
		{F6AEFFC5-4807-49A3-83C5-661E655CB59A}.Release|iPhoneSimulator.Build.0 = Release|iPhoneSimulator
		{F6AEFFC5-4807-49A3-83C5-661E655CB59A}.Release|Mixed Platforms.ActiveCfg = Release|iPhone
		{F6AEFFC5-4807-49A3-83C5-661E655CB59A}.Release|Mixed Platforms.Build.0 = Release|iPhone
		{F878E272-27D1-4B18-8352-3664A61C70DD}.AdHoc|Any CPU.ActiveCfg = Debug|iPhoneSimulator
		{F878E272-27D1-4B18-8352-3664A61C70DD}.AdHoc|Any CPU.Build.0 = Debug|iPhoneSimulator
		{F878E272-27D1-4B18-8352-3664A61C70DD}.Ad-Hoc|Any CPU.ActiveCfg = Ad-Hoc|iPhone
		{F878E272-27D1-4B18-8352-3664A61C70DD}.AdHoc|iPhone.ActiveCfg = Debug|iPhone
		{F878E272-27D1-4B18-8352-3664A61C70DD}.AdHoc|iPhone.Build.0 = Debug|iPhone
		{F878E272-27D1-4B18-8352-3664A61C70DD}.Ad-Hoc|iPhone.ActiveCfg = Ad-Hoc|iPhone
		{F878E272-27D1-4B18-8352-3664A61C70DD}.Ad-Hoc|iPhone.Build.0 = Ad-Hoc|iPhone
		{F878E272-27D1-4B18-8352-3664A61C70DD}.AdHoc|iPhoneSimulator.ActiveCfg = Debug|iPhoneSimulator
		{F878E272-27D1-4B18-8352-3664A61C70DD}.AdHoc|iPhoneSimulator.Build.0 = Debug|iPhoneSimulator
		{F878E272-27D1-4B18-8352-3664A61C70DD}.Ad-Hoc|iPhoneSimulator.ActiveCfg = Ad-Hoc|iPhoneSimulator
		{F878E272-27D1-4B18-8352-3664A61C70DD}.AdHoc|Mixed Platforms.ActiveCfg = Debug|iPhoneSimulator
		{F878E272-27D1-4B18-8352-3664A61C70DD}.AdHoc|Mixed Platforms.Build.0 = Debug|iPhoneSimulator
		{F878E272-27D1-4B18-8352-3664A61C70DD}.Ad-Hoc|Mixed Platforms.ActiveCfg = Ad-Hoc|iPhone
		{F878E272-27D1-4B18-8352-3664A61C70DD}.AppStore|Any CPU.ActiveCfg = AppStore|iPhone
		{F878E272-27D1-4B18-8352-3664A61C70DD}.AppStore|Any CPU.Build.0 = AppStore|iPhone
		{F878E272-27D1-4B18-8352-3664A61C70DD}.AppStore|iPhone.ActiveCfg = AppStore|iPhone
		{F878E272-27D1-4B18-8352-3664A61C70DD}.AppStore|iPhone.Build.0 = AppStore|iPhone
		{F878E272-27D1-4B18-8352-3664A61C70DD}.AppStore|iPhoneSimulator.ActiveCfg = Debug|iPhoneSimulator
		{F878E272-27D1-4B18-8352-3664A61C70DD}.AppStore|iPhoneSimulator.Build.0 = Debug|iPhoneSimulator
		{F878E272-27D1-4B18-8352-3664A61C70DD}.AppStore|Mixed Platforms.ActiveCfg = AppStore|iPhone
		{F878E272-27D1-4B18-8352-3664A61C70DD}.AppStore|Mixed Platforms.Build.0 = AppStore|iPhone
		{F878E272-27D1-4B18-8352-3664A61C70DD}.Debug|Any CPU.ActiveCfg = Debug|iPhoneSimulator
		{F878E272-27D1-4B18-8352-3664A61C70DD}.Debug|Any CPU.Build.0 = Debug|iPhoneSimulator
		{F878E272-27D1-4B18-8352-3664A61C70DD}.Debug|iPhone.ActiveCfg = Debug|iPhone
		{F878E272-27D1-4B18-8352-3664A61C70DD}.Debug|iPhone.Build.0 = Debug|iPhone
		{F878E272-27D1-4B18-8352-3664A61C70DD}.Debug|iPhoneSimulator.ActiveCfg = Debug|iPhoneSimulator
		{F878E272-27D1-4B18-8352-3664A61C70DD}.Debug|iPhoneSimulator.Build.0 = Debug|iPhoneSimulator
		{F878E272-27D1-4B18-8352-3664A61C70DD}.Debug|Mixed Platforms.ActiveCfg = Debug|iPhoneSimulator
		{F878E272-27D1-4B18-8352-3664A61C70DD}.Debug|Mixed Platforms.Build.0 = Debug|iPhoneSimulator
		{F878E272-27D1-4B18-8352-3664A61C70DD}.Release|Any CPU.ActiveCfg = Release|iPhoneSimulator
		{F878E272-27D1-4B18-8352-3664A61C70DD}.Release|Any CPU.Build.0 = Release|iPhoneSimulator
		{F878E272-27D1-4B18-8352-3664A61C70DD}.Release|iPhone.ActiveCfg = Release|iPhone
		{F878E272-27D1-4B18-8352-3664A61C70DD}.Release|iPhone.Build.0 = Release|iPhone
		{F878E272-27D1-4B18-8352-3664A61C70DD}.Release|iPhoneSimulator.ActiveCfg = Release|iPhoneSimulator
		{F878E272-27D1-4B18-8352-3664A61C70DD}.Release|iPhoneSimulator.Build.0 = Release|iPhoneSimulator
		{F878E272-27D1-4B18-8352-3664A61C70DD}.Release|Mixed Platforms.ActiveCfg = Release|iPhoneSimulator
		{F878E272-27D1-4B18-8352-3664A61C70DD}.Release|Mixed Platforms.Build.0 = Release|iPhoneSimulator
	EndGlobalSection
	GlobalSection(SolutionProperties) = preSolution
		HideSolutionNode = FALSE
	EndGlobalSection
	GlobalSection(MonoDevelopProperties) = preSolution
		StartupItem = XSample.MonoTouch\XSample.MonoTouch.csproj
	EndGlobalSection
EndGlobal
